
Microsoft Visual Studio Solution File, Format Version 12.00
# Visual Studio Version 16
VisualStudioVersion = 16.0.29201.188
MinimumVisualStudioVersion = 10.0.40219.1
Project("{FAE04EC0-301F-11D3-BF4B-00C04F79EFBC}") = "Date Time", "Date Time\Date Time.csproj", "{D36E7128-AD83-4EF6-93FA-B47FD0C047DC}"
EndProject
Global
	GlobalSection(SolutionConfigurationPlatforms) = preSolution
		Debug|Any CPU = Debug|Any CPU
		Release|Any CPU = Release|Any CPU
	EndGlobalSection
	GlobalSection(ProjectConfigurationPlatforms) = postSolution
		{D36E7128-AD83-4EF6-93FA-B47FD0C047DC}.Debug|Any CPU.ActiveCfg = Debug|Any CPU
		{D36E7128-AD83-4EF6-93FA-B47FD0C047DC}.Debug|Any CPU.Build.0 = Debug|Any CPU
		{D36E7128-AD83-4EF6-93FA-B47FD0C047DC}.Release|Any CPU.ActiveCfg = Release|Any CPU
		{D36E7128-AD83-4EF6-93FA-B47FD0C047DC}.Release|Any CPU.Build.0 = Release|Any CPU
	EndGlobalSection
	GlobalSection(SolutionProperties) = preSolution
		HideSolutionNode = FALSE
	EndGlobalSection
	GlobalSection(ExtensibilityGlobals) = postSolution
		SolutionGuid = {5DFE7E57-1A9B-4C33-979D-3BDC06C0D6C1}
	EndGlobalSection
EndGlobal
