
Microsoft Visual Studio Solution File, Format Version 12.00
# Visual Studio Version 16
VisualStudioVersion = 16.0.29201.188
MinimumVisualStudioVersion = 10.0.40219.1
Project("{FAE04EC0-301F-11D3-BF4B-00C04F79EFBC}") = "AbstractClassExercise", "AbstractClassExercise\AbstractClassExercise.csproj", "{595B2511-D7C4-45F8-B6B3-36EAF373F413}"
EndProject
Global
	GlobalSection(SolutionConfigurationPlatforms) = preSolution
		Debug|Any CPU = Debug|Any CPU
		Release|Any CPU = Release|Any CPU
	EndGlobalSection
	GlobalSection(ProjectConfigurationPlatforms) = postSolution
		{595B2511-D7C4-45F8-B6B3-36EAF373F413}.Debug|Any CPU.ActiveCfg = Debug|Any CPU
		{595B2511-D7C4-45F8-B6B3-36EAF373F413}.Debug|Any CPU.Build.0 = Debug|Any CPU
		{595B2511-D7C4-45F8-B6B3-36EAF373F413}.Release|Any CPU.ActiveCfg = Release|Any CPU
		{595B2511-D7C4-45F8-B6B3-36EAF373F413}.Release|Any CPU.Build.0 = Release|Any CPU
	EndGlobalSection
	GlobalSection(SolutionProperties) = preSolution
		HideSolutionNode = FALSE
	EndGlobalSection
	GlobalSection(ExtensibilityGlobals) = postSolution
		SolutionGuid = {EC13D7DE-4E2C-44F6-BECE-C22939FD17CC}
	EndGlobalSection
EndGlobal
