
Microsoft Visual Studio Solution File, Format Version 12.00
# Visual Studio Version 16
VisualStudioVersion = 16.0.29201.188
MinimumVisualStudioVersion = 10.0.40219.1
Project("{FAE04EC0-301F-11D3-BF4B-00C04F79EFBC}") = "BoolLogicExercise", "BoolLogicExercise\BoolLogicExercise.csproj", "{1541EE7F-6B5E-4D06-B7C6-6EFFD213EAF0}"
EndProject
Global
	GlobalSection(SolutionConfigurationPlatforms) = preSolution
		Debug|Any CPU = Debug|Any CPU
		Release|Any CPU = Release|Any CPU
	EndGlobalSection
	GlobalSection(ProjectConfigurationPlatforms) = postSolution
		{1541EE7F-6B5E-4D06-B7C6-6EFFD213EAF0}.Debug|Any CPU.ActiveCfg = Debug|Any CPU
		{1541EE7F-6B5E-4D06-B7C6-6EFFD213EAF0}.Debug|Any CPU.Build.0 = Debug|Any CPU
		{1541EE7F-6B5E-4D06-B7C6-6EFFD213EAF0}.Release|Any CPU.ActiveCfg = Release|Any CPU
		{1541EE7F-6B5E-4D06-B7C6-6EFFD213EAF0}.Release|Any CPU.Build.0 = Release|Any CPU
	EndGlobalSection
	GlobalSection(SolutionProperties) = preSolution
		HideSolutionNode = FALSE
	EndGlobalSection
	GlobalSection(ExtensibilityGlobals) = postSolution
		SolutionGuid = {D26BA5B0-BDF9-47C7-B452-0742B5562899}
	EndGlobalSection
EndGlobal
